version = 1
revision = 3
requires-python = ">=3.12"

[options]
exclude-newer = "2026-03-20T11:37:05.490680102Z"
exclude-newer-span = "P1W"

[[package]]
name = "colorama"
version = "0.4.6"
source = { registry = "https://pypi.org/simple" }
sdist = { url = "https://files.pythonhosted.org/packages/d8/53/6f443c9a4a8358a93a6792e2acffb9d9d5cb0a5cfd8802644b7b1c9a02e4/colorama-0.4.6.tar.gz", hash = "sha256:08695f5cb7ed6e0531a20572697297273c47b8cae5a63ffc6d6ed5c201be6e44", size = 27697, upload-time = "2022-10-25T02:36:22.414Z" }
wheels = [
    { url = "https://files.pythonhosted.org/packages/d1/d6/3965ed04c63042e047cb6a3e6ed1a63a35087b6a609aa3a15ed8ac56c221/colorama-0.4.6-py2.py3-none-any.whl", hash = "sha256:4f1d9991f5acc0ca119f9d443620b77f9d6b33703e51011c16baf57afb285fc6", size = 25335, upload-time = "2022-10-25T02:36:20.889Z" },
]

[[package]]
name = "pyserial"
version = "3.5"
source = { registry = "https://pypi.org/simple" }
sdist = { url = "https://files.pythonhosted.org/packages/1e/7d/ae3f0a63f41e4d2f6cb66a5b57197850f919f59e558159a4dd3a818f5082/pyserial-3.5.tar.gz", hash = "sha256:3c77e014170dfffbd816e6ffc205e9842efb10be9f58ec16d3e8675b4925cddb", size = 159125, upload-time = "2020-11-23T03:59:15.045Z" }
wheels = [
    { url = "https://files.pythonhosted.org/packages/07/bc/587a445451b253b285629263eb51c2d8e9bcea4fc97826266d186f96f558/pyserial-3.5-py2.py3-none-any.whl", hash = "sha256:c4451db6ba391ca6ca299fb3ec7bae67a5c55dde170964c7a14ceefec02f2cf0", size = 90585, upload-time = "2020-11-23T03:59:13.41Z" },
]

[[package]]
name = "readchar"
version = "4.2.1"
source = { registry = "https://pypi.org/simple" }
sdist = { url = "https://files.pythonhosted.org/packages/dd/f8/8657b8cbb4ebeabfbdf991ac40eca8a1d1bd012011bd44ad1ed10f5cb494/readchar-4.2.1.tar.gz", hash = "sha256:91ce3faf07688de14d800592951e5575e9c7a3213738ed01d394dcc949b79adb", size = 9685, upload-time = "2024-11-04T18:28:07.757Z" }
wheels = [
    { url = "https://files.pythonhosted.org/packages/a9/10/e4b1e0e5b6b6745c8098c275b69bc9d73e9542d5c7da4f137542b499ed44/readchar-4.2.1-py3-none-any.whl", hash = "sha256:a769305cd3994bb5fa2764aa4073452dc105a4ec39068ffe6efd3c20c60acc77", size = 9350, upload-time = "2024-11-04T18:28:02.859Z" },
]

[[package]]
name = "readkeys"
version = "1.0.2"
source = { registry = "https://pypi.org/simple" }
sdist = { url = "https://files.pythonhosted.org/packages/38/bf/d16f025af693b48848004a3bd582c912d6937b481204cbaccbeda54ba47c/readkeys-1.0.2.tar.gz", hash = "sha256:0ea2a6a7e2993a454d53c90fbdcd7d526d12ade30c23049c1dc7398d1d7b32de", size = 8598, upload-time = "2020-08-05T12:41:34.139Z" }
wheels = [
    { url = "https://files.pythonhosted.org/packages/22/42/0be0768148dbc7d3f36d19e419edc3abd93ea05037b1debed50dfb880a4a/readkeys-1.0.2-py3-none-any.whl", hash = "sha256:2b113c4f0726df495ace2b031f174c17b77c576f014c347bb6d92d87d4f6a298", size = 9313, upload-time = "2020-08-05T12:41:32.919Z" },
]

[[package]]
name = "rvcomp-tools"
version = "1.0.0"
source = { editable = "." }
dependencies = [
    { name = "pyserial" },
    { name = "readchar" },
    { name = "readkeys" },
    { name = "tqdm" },
]

[package.metadata]
requires-dist = [
    { name = "pyserial", specifier = ">=3.5" },
    { name = "readchar", specifier = ">=4.2.1" },
    { name = "readkeys", specifier = ">=1.0.2" },
    { name = "tqdm", specifier = ">=4.67.1" },
]

[[package]]
name = "tqdm"
version = "4.67.3"
source = { registry = "https://pypi.org/simple" }
dependencies = [
    { name = "colorama", marker = "sys_platform == 'win32'" },
]
sdist = { url = "https://files.pythonhosted.org/packages/09/a9/6ba95a270c6f1fbcd8dac228323f2777d886cb206987444e4bce66338dd4/tqdm-4.67.3.tar.gz", hash = "sha256:7d825f03f89244ef73f1d4ce193cb1774a8179fd96f31d7e1dcde62092b960bb", size = 169598, upload-time = "2026-02-03T17:35:53.048Z" }
wheels = [
    { url = "https://files.pythonhosted.org/packages/16/e1/3079a9ff9b8e11b846c6ac5c8b5bfb7ff225eee721825310c91b3b50304f/tqdm-4.67.3-py3-none-any.whl", hash = "sha256:ee1e4c0e59148062281c49d80b25b67771a127c85fc9676d3be5f243206826bf", size = 78374, upload-time = "2026-02-03T17:35:50.982Z" },
]
